
Microsoft Visual Studio Solution File, Format Version 12.00
# Visual Studio Version 16
VisualStudioVersion = 16.0.30907.101
MinimumVisualStudioVersion = 10.0.40219.1
Project("{FAE04EC0-301F-11D3-BF4B-00C04F79EFBC}") = "SystemAcademy", "SystemAcademy\SystemAcademy.csproj", "{4D0D7061-632A-430E-9D31-0F410203167C}"
EndProject
Global
	GlobalSection(SolutionConfigurationPlatforms) = preSolution
		Debug|Any CPU = Debug|Any CPU
		Release|Any CPU = Release|Any CPU
	EndGlobalSection
	GlobalSection(ProjectConfigurationPlatforms) = postSolution
		{4D0D7061-632A-430E-9D31-0F410203167C}.Debug|Any CPU.ActiveCfg = Debug|Any CPU
		{4D0D7061-632A-430E-9D31-0F410203167C}.Debug|Any CPU.Build.0 = Debug|Any CPU
		{4D0D7061-632A-430E-9D31-0F410203167C}.Release|Any CPU.ActiveCfg = Release|Any CPU
		{4D0D7061-632A-430E-9D31-0F410203167C}.Release|Any CPU.Build.0 = Release|Any CPU
	EndGlobalSection
	GlobalSection(SolutionProperties) = preSolution
		HideSolutionNode = FALSE
	EndGlobalSection
	GlobalSection(ExtensibilityGlobals) = postSolution
		SolutionGuid = {6AC45A41-5C29-4A50-80B6-DB68664D7586}
	EndGlobalSection
EndGlobal
